
Microsoft Visual Studio Solution File, Format Version 12.00
# Visual Studio Version 16
VisualStudioVersion = 16.0.30011.22
MinimumVisualStudioVersion = 10.0.40219.1
Project("{FAE04EC0-301F-11D3-BF4B-00C04F79EFBC}") = "CalculatorApp", "CalculatorApp\CalculatorApp.csproj", "{AAA84391-248D-468C-925F-1C7D37EB8056}"
EndProject
Global
	GlobalSection(SolutionConfigurationPlatforms) = preSolution
		Debug|Any CPU = Debug|Any CPU
		Release|Any CPU = Release|Any CPU
	EndGlobalSection
	GlobalSection(ProjectConfigurationPlatforms) = postSolution
		{AAA84391-248D-468C-925F-1C7D37EB8056}.Debug|Any CPU.ActiveCfg = Debug|Any CPU
		{AAA84391-248D-468C-925F-1C7D37EB8056}.Debug|Any CPU.Build.0 = Debug|Any CPU
		{AAA84391-248D-468C-925F-1C7D37EB8056}.Release|Any CPU.ActiveCfg = Release|Any CPU
		{AAA84391-248D-468C-925F-1C7D37EB8056}.Release|Any CPU.Build.0 = Release|Any CPU
	EndGlobalSection
	GlobalSection(SolutionProperties) = preSolution
		HideSolutionNode = FALSE
	EndGlobalSection
	GlobalSection(ExtensibilityGlobals) = postSolution
		SolutionGuid = {1746770E-55A1-4A50-A45F-05512021D867}
	EndGlobalSection
EndGlobal
